
Microsoft Visual Studio Solution File, Format Version 12.00
# Visual Studio Version 17
VisualStudioVersion = 17.8.34525.116
MinimumVisualStudioVersion = 10.0.40219.1
Project("{888888A0-9F3D-457C-B088-3A5042F75D52}") = "UFC_fight_predictor", "UFC_fight_predictor\UFC_fight_predictor.pyproj", "{3F507BA6-822C-4FCF-8C39-426646FDE06A}"
EndProject
Global
	GlobalSection(SolutionConfigurationPlatforms) = preSolution
		Debug|Any CPU = Debug|Any CPU
		Release|Any CPU = Release|Any CPU
	EndGlobalSection
	GlobalSection(ProjectConfigurationPlatforms) = postSolution
		{3F507BA6-822C-4FCF-8C39-426646FDE06A}.Debug|Any CPU.ActiveCfg = Debug|Any CPU
		{3F507BA6-822C-4FCF-8C39-426646FDE06A}.Release|Any CPU.ActiveCfg = Release|Any CPU
	EndGlobalSection
	GlobalSection(SolutionProperties) = preSolution
		HideSolutionNode = FALSE
	EndGlobalSection
	GlobalSection(ExtensibilityGlobals) = postSolution
		SolutionGuid = {C354CEB3-60AC-4F91-B7CB-0F996A032D78}
	EndGlobalSection
EndGlobal
